# This file is automatically @generated by Cargo.
# It is not intended for manual editing.
version = 3

[[package]]
name = "FN_Rust_Lexer"
version = "0.1.0"
dependencies = [
 "lexical_scanner",
]

[[package]]
name = "lexical_scanner"
version = "0.1.18"
source = "registry+https://github.com/rust-lang/crates.io-index"
checksum = "d18ffbc3370dd1c0495dd7bc6301916213e5905cd915842d7ecf250c0e4b5395"
